// !$*UTF8*$!
{
	archiveVersion = 1;
	classes = {
	};
	objectVersion = 50;
	objects = {

/* Begin PBXBuildFile section */
		8E5C09062382033000A777B1 /* AppDelegate.swift in Sources */ = {isa = PBXBuildFile; fileRef = 8E5C09052382033000A777B1 /* AppDelegate.swift */; };
		8E5C09082382033000A777B1 /* SceneDelegate.swift in Sources */ = {isa = PBXBuildFile; fileRef = 8E5C09072382033000A777B1 /* SceneDelegate.swift */; };
		8E5C090C2382033400A777B1 /* Assets.xcassets in Resources */ = {isa = PBXBuildFile; fileRef = 8E5C090B2382033400A777B1 /* Assets.xcassets */; };
		8E5C090F2382033400A777B1 /* Preview Assets.xcassets in Resources */ = {isa = PBXBuildFile; fileRef = 8E5C090E2382033400A777B1 /* Preview Assets.xcassets */; };
		8E5C09122382033400A777B1 /* LaunchScreen.storyboard in Resources */ = {isa = PBXBuildFile; fileRef = 8E5C09102382033400A777B1 /* LaunchScreen.storyboard */; };
		8E5C094B2382089900A777B1 /* ColonyList.swift in Sources */ = {isa = PBXBuildFile; fileRef = 8E5C094A2382089900A777B1 /* ColonyList.swift */; };
		8E5C094D238208B400A777B1 /* ColonyPreview.swift in Sources */ = {isa = PBXBuildFile; fileRef = 8E5C094C238208B400A777B1 /* ColonyPreview.swift */; };
		8E5C094F238208CC00A777B1 /* Grid.swift in Sources */ = {isa = PBXBuildFile; fileRef = 8E5C094E238208CC00A777B1 /* Grid.swift */; };
		D0F647EF2382070E00BD113C /* Colony.swift in Sources */ = {isa = PBXBuildFile; fileRef = D0F647EC2382070E00BD113C /* Colony.swift */; };
		D0F647F12382070E00BD113C /* Cell.swift in Sources */ = {isa = PBXBuildFile; fileRef = D0F647EE2382070E00BD113C /* Cell.swift */; };
		D0F647F72382077400BD113C /* ColonyDetail.swift in Sources */ = {isa = PBXBuildFile; fileRef = D0F647F32382077400BD113C /* ColonyDetail.swift */; };
		D0F647F82382077400BD113C /* Data.swift in Sources */ = {isa = PBXBuildFile; fileRef = D0F647F42382077400BD113C /* Data.swift */; };
		D0F647F92382077400BD113C /* ControlsView.swift in Sources */ = {isa = PBXBuildFile; fileRef = D0F647F52382077400BD113C /* ControlsView.swift */; };
		D0F647FA2382077400BD113C /* GridView.swift in Sources */ = {isa = PBXBuildFile; fileRef = D0F647F62382077400BD113C /* GridView.swift */; };
/* End PBXBuildFile section */

/* Begin PBXFileReference section */
		8E5C09022382033000A777B1 /* Game of Life App.app */ = {isa = PBXFileReference; explicitFileType = wrapper.application; includeInIndex = 0; path = "Game of Life App.app"; sourceTree = BUILT_PRODUCTS_DIR; };
		8E5C09052382033000A777B1 /* AppDelegate.swift */ = {isa = PBXFileReference; lastKnownFileType = sourcecode.swift; path = AppDelegate.swift; sourceTree = "<group>"; };
		8E5C09072382033000A777B1 /* SceneDelegate.swift */ = {isa = PBXFileReference; lastKnownFileType = sourcecode.swift; path = SceneDelegate.swift; sourceTree = "<group>"; };
		8E5C090B2382033400A777B1 /* Assets.xcassets */ = {isa = PBXFileReference; lastKnownFileType = folder.assetcatalog; path = Assets.xcassets; sourceTree = "<group>"; };
		8E5C090E2382033400A777B1 /* Preview Assets.xcassets */ = {isa = PBXFileReference; lastKnownFileType = folder.assetcatalog; path = "Preview Assets.xcassets"; sourceTree = "<group>"; };
		8E5C09112382033400A777B1 /* Base */ = {isa = PBXFileReference; lastKnownFileType = file.storyboard; name = Base; path = Base.lproj/LaunchScreen.storyboard; sourceTree = "<group>"; };
		8E5C09132382033400A777B1 /* Info.plist */ = {isa = PBXFileReference; lastKnownFileType = text.plist.xml; path = Info.plist; sourceTree = "<group>"; };
		8E5C091C2382033400A777B1 /* Game_of_Life_AppTests.swift */ = {isa = PBXFileReference; lastKnownFileType = sourcecode.swift; path = Game_of_Life_AppTests.swift; sourceTree = "<group>"; };
		8E5C091E2382033400A777B1 /* Info.plist */ = {isa = PBXFileReference; lastKnownFileType = text.plist.xml; path = Info.plist; sourceTree = "<group>"; };
		8E5C09272382033400A777B1 /* Game_of_Life_AppUITests.swift */ = {isa = PBXFileReference; lastKnownFileType = sourcecode.swift; path = Game_of_Life_AppUITests.swift; sourceTree = "<group>"; };
		8E5C09292382033400A777B1 /* Info.plist */ = {isa = PBXFileReference; lastKnownFileType = text.plist.xml; path = Info.plist; sourceTree = "<group>"; };
		8E5C094A2382089900A777B1 /* ColonyList.swift */ = {isa = PBXFileReference; lastKnownFileType = sourcecode.swift; path = ColonyList.swift; sourceTree = "<group>"; };
		8E5C094C238208B400A777B1 /* ColonyPreview.swift */ = {isa = PBXFileReference; lastKnownFileType = sourcecode.swift; path = ColonyPreview.swift; sourceTree = "<group>"; };
		8E5C094E238208CC00A777B1 /* Grid.swift */ = {isa = PBXFileReference; lastKnownFileType = sourcecode.swift; path = Grid.swift; sourceTree = "<group>"; };
		D0F647EC2382070E00BD113C /* Colony.swift */ = {isa = PBXFileReference; fileEncoding = 4; lastKnownFileType = sourcecode.swift; path = Colony.swift; sourceTree = "<group>"; };
		D0F647EE2382070E00BD113C /* Cell.swift */ = {isa = PBXFileReference; fileEncoding = 4; lastKnownFileType = sourcecode.swift; path = Cell.swift; sourceTree = "<group>"; };
		D0F647F32382077400BD113C /* ColonyDetail.swift */ = {isa = PBXFileReference; fileEncoding = 4; lastKnownFileType = sourcecode.swift; path = ColonyDetail.swift; sourceTree = "<group>"; };
		D0F647F42382077400BD113C /* Data.swift */ = {isa = PBXFileReference; fileEncoding = 4; lastKnownFileType = sourcecode.swift; path = Data.swift; sourceTree = "<group>"; };
		D0F647F52382077400BD113C /* ControlsView.swift */ = {isa = PBXFileReference; fileEncoding = 4; lastKnownFileType = sourcecode.swift; path = ControlsView.swift; sourceTree = "<group>"; };
		D0F647F62382077400BD113C /* GridView.swift */ = {isa = PBXFileReference; fileEncoding = 4; lastKnownFileType = sourcecode.swift; path = GridView.swift; sourceTree = "<group>"; };
/* End PBXFileReference section */

/* Begin PBXFrameworksBuildPhase section */
		8E5C08FF2382033000A777B1 /* Frameworks */ = {
			isa = PBXFrameworksBuildPhase;
			buildActionMask = 2147483647;
			files = (
			);
			runOnlyForDeploymentPostprocessing = 0;
		};
/* End PBXFrameworksBuildPhase section */

/* Begin PBXGroup section */
		8E5C08F92382033000A777B1 = {
			isa = PBXGroup;
			children = (
				8E5C09042382033000A777B1 /* Game of Life App */,
				8E5C091B2382033400A777B1 /* Game of Life AppTests */,
				8E5C09262382033400A777B1 /* Game of Life AppUITests */,
				8E5C09032382033000A777B1 /* Products */,
			);
			sourceTree = "<group>";
		};
		8E5C09032382033000A777B1 /* Products */ = {
			isa = PBXGroup;
			children = (
				8E5C09022382033000A777B1 /* Game of Life App.app */,
			);
			name = Products;
			sourceTree = "<group>";
		};
		8E5C09042382033000A777B1 /* Game of Life App */ = {
			isa = PBXGroup;
			children = (
				8E5C09052382033000A777B1 /* AppDelegate.swift */,
				8E5C09072382033000A777B1 /* SceneDelegate.swift */,
				D0F647F42382077400BD113C /* Data.swift */,
				8E5C094A2382089900A777B1 /* ColonyList.swift */,
				8E5C094C238208B400A777B1 /* ColonyPreview.swift */,
				D0F647F32382077400BD113C /* ColonyDetail.swift */,
				D0F647F52382077400BD113C /* ControlsView.swift */,
				D0F647F62382077400BD113C /* GridView.swift */,
				8E5C094E238208CC00A777B1 /* Grid.swift */,
				D0F647F22382074700BD113C /* Game Code */,
				8E5C090B2382033400A777B1 /* Assets.xcassets */,
				8E5C09102382033400A777B1 /* LaunchScreen.storyboard */,
				8E5C09132382033400A777B1 /* Info.plist */,
				8E5C090D2382033400A777B1 /* Preview Content */,
			);
			path = "Game of Life App";
			sourceTree = "<group>";
		};
		8E5C090D2382033400A777B1 /* Preview Content */ = {
			isa = PBXGroup;
			children = (
				8E5C090E2382033400A777B1 /* Preview Assets.xcassets */,
			);
			path = "Preview Content";
			sourceTree = "<group>";
		};
		8E5C091B2382033400A777B1 /* Game of Life AppTests */ = {
			isa = PBXGroup;
			children = (
				8E5C091C2382033400A777B1 /* Game_of_Life_AppTests.swift */,
				8E5C091E2382033400A777B1 /* Info.plist */,
			);
			path = "Game of Life AppTests";
			sourceTree = "<group>";
		};
		8E5C09262382033400A777B1 /* Game of Life AppUITests */ = {
			isa = PBXGroup;
			children = (
				8E5C09272382033400A777B1 /* Game_of_Life_AppUITests.swift */,
				8E5C09292382033400A777B1 /* Info.plist */,
			);
			path = "Game of Life AppUITests";
			sourceTree = "<group>";
		};
		D0F647F22382074700BD113C /* Game Code */ = {
			isa = PBXGroup;
			children = (
				D0F647EC2382070E00BD113C /* Colony.swift */,
				D0F647EE2382070E00BD113C /* Cell.swift */,
			);
			path = "Game Code";
			sourceTree = "<group>";
		};
/* End PBXGroup section */

/* Begin PBXNativeTarget section */
		8E5C09012382033000A777B1 /* Game of Life App */ = {
			isa = PBXNativeTarget;
			buildConfigurationList = 8E5C092C2382033400A777B1 /* Build configuration list for PBXNativeTarget "Game of Life App" */;
			buildPhases = (
				8E5C08FE2382033000A777B1 /* Sources */,
				8E5C08FF2382033000A777B1 /* Frameworks */,
				8E5C09002382033000A777B1 /* Resources */,
			);
			buildRules = (
			);
			dependencies = (
			);
			name = "Game of Life App";
			productName = "Game of Life App";
			productReference = 8E5C09022382033000A777B1 /* Game of Life App.app */;
			productType = "com.apple.product-type.application";
		};
/* End PBXNativeTarget section */

/* Begin PBXProject section */
		8E5C08FA2382033000A777B1 /* Project object */ = {
			isa = PBXProject;
			attributes = {
				LastSwiftUpdateCheck = 1120;
				LastUpgradeCheck = 1120;
				ORGANIZATIONNAME = "Kiran Mak";
				TargetAttributes = {
					8E5C09012382033000A777B1 = {
						CreatedOnToolsVersion = 11.2.1;
					};
				};
			};
			buildConfigurationList = 8E5C08FD2382033000A777B1 /* Build configuration list for PBXProject "Game of Life App" */;
			compatibilityVersion = "Xcode 9.3";
			developmentRegion = en;
			hasScannedForEncodings = 0;
			knownRegions = (
				en,
				Base,
			);
			mainGroup = 8E5C08F92382033000A777B1;
			productRefGroup = 8E5C09032382033000A777B1 /* Products */;
			projectDirPath = "";
			projectRoot = "";
			targets = (
				8E5C09012382033000A777B1 /* Game of Life App */,
			);
		};
/* End PBXProject section */

/* Begin PBXResourcesBuildPhase section */
		8E5C09002382033000A777B1 /* Resources */ = {
			isa = PBXResourcesBuildPhase;
			buildActionMask = 2147483647;
			files = (
				8E5C09122382033400A777B1 /* LaunchScreen.storyboard in Resources */,
				8E5C090F2382033400A777B1 /* Preview Assets.xcassets in Resources */,
				8E5C090C2382033400A777B1 /* Assets.xcassets in Resources */,
			);
			runOnlyForDeploymentPostprocessing = 0;
		};
/* End PBXResourcesBuildPhase section */

/* Begin PBXSourcesBuildPhase section */
		8E5C08FE2382033000A777B1 /* Sources */ = {
			isa = PBXSourcesBuildPhase;
			buildActionMask = 2147483647;
			files = (
				D0F647F82382077400BD113C /* Data.swift in Sources */,
				8E5C09062382033000A777B1 /* AppDelegate.swift in Sources */,
				8E5C09082382033000A777B1 /* SceneDelegate.swift in Sources */,
				8E5C094B2382089900A777B1 /* ColonyList.swift in Sources */,
				D0F647F72382077400BD113C /* ColonyDetail.swift in Sources */,
				D0F647F92382077400BD113C /* ControlsView.swift in Sources */,
				8E5C094D238208B400A777B1 /* ColonyPreview.swift in Sources */,
				D0F647EF2382070E00BD113C /* Colony.swift in Sources */,
				D0F647FA2382077400BD113C /* GridView.swift in Sources */,
				D0F647F12382070E00BD113C /* Cell.swift in Sources */,
				8E5C094F238208CC00A777B1 /* Grid.swift in Sources */,
			);
			runOnlyForDeploymentPostprocessing = 0;
		};
/* End PBXSourcesBuildPhase section */

/* Begin PBXVariantGroup section */
		8E5C09102382033400A777B1 /* LaunchScreen.storyboard */ = {
			isa = PBXVariantGroup;
			children = (
				8E5C09112382033400A777B1 /* Base */,
			);
			name = LaunchScreen.storyboard;
			sourceTree = "<group>";
		};
/* End PBXVariantGroup section */

/* Begin XCBuildConfiguration section */
		8E5C092A2382033400A777B1 /* Debug */ = {
			isa = XCBuildConfiguration;
			buildSettings = {
				ALWAYS_SEARCH_USER_PATHS = NO;
				CLANG_ANALYZER_NONNULL = YES;
				CLANG_ANALYZER_NUMBER_OBJECT_CONVERSION = YES_AGGRESSIVE;
				CLANG_CXX_LANGUAGE_STANDARD = "gnu++14";
				CLANG_CXX_LIBRARY = "libc++";
				CLANG_ENABLE_MODULES = YES;
				CLANG_ENABLE_OBJC_ARC = YES;
				CLANG_ENABLE_OBJC_WEAK = YES;
				CLANG_WARN_BLOCK_CAPTURE_AUTORELEASING = YES;
				CLANG_WARN_BOOL_CONVERSION = YES;
				CLANG_WARN_COMMA = YES;
				CLANG_WARN_CONSTANT_CONVERSION = YES;
				CLANG_WARN_DEPRECATED_OBJC_IMPLEMENTATIONS = YES;
				CLANG_WARN_DIRECT_OBJC_ISA_USAGE = YES_ERROR;
				CLANG_WARN_DOCUMENTATION_COMMENTS = YES;
				CLANG_WARN_EMPTY_BODY = YES;
				CLANG_WARN_ENUM_CONVERSION = YES;
				CLANG_WARN_INFINITE_RECURSION = YES;
				CLANG_WARN_INT_CONVERSION = YES;
				CLANG_WARN_NON_LITERAL_NULL_CONVERSION = YES;
				CLANG_WARN_OBJC_IMPLICIT_RETAIN_SELF = YES;
				CLANG_WARN_OBJC_LITERAL_CONVERSION = YES;
				CLANG_WARN_OBJC_ROOT_CLASS = YES_ERROR;
				CLANG_WARN_RANGE_LOOP_ANALYSIS = YES;
				CLANG_WARN_STRICT_PROTOTYPES = YES;
				CLANG_WARN_SUSPICIOUS_MOVE = YES;
				CLANG_WARN_UNGUARDED_AVAILABILITY = YES_AGGRESSIVE;
				CLANG_WARN_UNREACHABLE_CODE = YES;
				CLANG_WARN__DUPLICATE_METHOD_MATCH = YES;
				COPY_PHASE_STRIP = NO;
				DEBUG_INFORMATION_FORMAT = dwarf;
				ENABLE_STRICT_OBJC_MSGSEND = YES;
				ENABLE_TESTABILITY = YES;
				GCC_C_LANGUAGE_STANDARD = gnu11;
				GCC_DYNAMIC_NO_PIC = NO;
				GCC_NO_COMMON_BLOCKS = YES;
				GCC_OPTIMIZATION_LEVEL = 0;
				GCC_PREPROCESSOR_DEFINITIONS = (
					"DEBUG=1",
					"$(inherited)",
				);
				GCC_WARN_64_TO_32_BIT_CONVERSION = YES;
				GCC_WARN_ABOUT_RETURN_TYPE = YES_ERROR;
				GCC_WARN_UNDECLARED_SELECTOR = YES;
				GCC_WARN_UNINITIALIZED_AUTOS = YES_AGGRESSIVE;
				GCC_WARN_UNUSED_FUNCTION = YES;
				GCC_WARN_UNUSED_VARIABLE = YES;
				IPHONEOS_DEPLOYMENT_TARGET = 13.2;
				MTL_ENABLE_DEBUG_INFO = INCLUDE_SOURCE;
				MTL_FAST_MATH = YES;
				ONLY_ACTIVE_ARCH = YES;
				SDKROOT = iphoneos;
				SWIFT_ACTIVE_COMPILATION_CONDITIONS = DEBUG;
				SWIFT_OPTIMIZATION_LEVEL = "-Onone";
			};
			name = Debug;
		};
		8E5C092B2382033400A777B1 /* Release */ = {
			isa = XCBuildConfiguration;
			buildSettings = {
				ALWAYS_SEARCH_USER_PATHS = NO;
				CLANG_ANALYZER_NONNULL = YES;
				CLANG_ANALYZER_NUMBER_OBJECT_CONVERSION = YES_AGGRESSIVE;
				CLANG_CXX_LANGUAGE_STANDARD = "gnu++14";
				CLANG_CXX_LIBRARY = "libc++";
				CLANG_ENABLE_MODULES = YES;
				CLANG_ENABLE_OBJC_ARC = YES;
				CLANG_ENABLE_OBJC_WEAK = YES;
				CLANG_WARN_BLOCK_CAPTURE_AUTORELEASING = YES;
				CLANG_WARN_BOOL_CONVERSION = YES;
				CLANG_WARN_COMMA = YES;
				CLANG_WARN_CONSTANT_CONVERSION = YES;
				CLANG_WARN_DEPRECATED_OBJC_IMPLEMENTATIONS = YES;
				CLANG_WARN_DIRECT_OBJC_ISA_USAGE = YES_ERROR;
				CLANG_WARN_DOCUMENTATION_COMMENTS = YES;
				CLANG_WARN_EMPTY_BODY = YES;
				CLANG_WARN_ENUM_CONVERSION = YES;
				CLANG_WARN_INFINITE_RECURSION = YES;
				CLANG_WARN_INT_CONVERSION = YES;
				CLANG_WARN_NON_LITERAL_NULL_CONVERSION = YES;
				CLANG_WARN_OBJC_IMPLICIT_RETAIN_SELF = YES;
				CLANG_WARN_OBJC_LITERAL_CONVERSION = YES;
				CLANG_WARN_OBJC_ROOT_CLASS = YES_ERROR;
				CLANG_WARN_RANGE_LOOP_ANALYSIS = YES;
				CLANG_WARN_STRICT_PROTOTYPES = YES;
				CLANG_WARN_SUSPICIOUS_MOVE = YES;
				CLANG_WARN_UNGUARDED_AVAILABILITY = YES_AGGRESSIVE;
				CLANG_WARN_UNREACHABLE_CODE = YES;
				CLANG_WARN__DUPLICATE_METHOD_MATCH = YES;
				COPY_PHASE_STRIP = NO;
				DEBUG_INFORMATION_FORMAT = "dwarf-with-dsym";
				ENABLE_NS_ASSERTIONS = NO;
				ENABLE_STRICT_OBJC_MSGSEND = YES;
				GCC_C_LANGUAGE_STANDARD = gnu11;
				GCC_NO_COMMON_BLOCKS = YES;
				GCC_WARN_64_TO_32_BIT_CONVERSION = YES;
				GCC_WARN_ABOUT_RETURN_TYPE = YES_ERROR;
				GCC_WARN_UNDECLARED_SELECTOR = YES;
				GCC_WARN_UNINITIALIZED_AUTOS = YES_AGGRESSIVE;
				GCC_WARN_UNUSED_FUNCTION = YES;
				GCC_WARN_UNUSED_VARIABLE = YES;
				IPHONEOS_DEPLOYMENT_TARGET = 13.2;
				MTL_ENABLE_DEBUG_INFO = NO;
				MTL_FAST_MATH = YES;
				SDKROOT = iphoneos;
				SWIFT_COMPILATION_MODE = wholemodule;
				SWIFT_OPTIMIZATION_LEVEL = "-O";
				VALIDATE_PRODUCT = YES;
			};
			name = Release;
		};
		8E5C092D2382033400A777B1 /* Debug */ = {
			isa = XCBuildConfiguration;
			buildSettings = {
				ASSETCATALOG_COMPILER_APPICON_NAME = AppIcon;
				CODE_SIGN_STYLE = Automatic;
				DEVELOPMENT_ASSET_PATHS = "\"Game of Life App/Preview Content\"";
				DEVELOPMENT_TEAM = 2TM36SFTW5;
				ENABLE_PREVIEWS = YES;
				INFOPLIST_FILE = "Game of Life App/Info.plist";
				IPHONEOS_DEPLOYMENT_TARGET = 13.1;
				LD_RUNPATH_SEARCH_PATHS = (
					"$(inherited)",
					"@executable_path/Frameworks",
				);
				PRODUCT_BUNDLE_IDENTIFIER = "Peter-Janosky-Game-of-Life-App.fwhaiohga";
				PRODUCT_NAME = "$(TARGET_NAME)";
				SWIFT_VERSION = 5.0;
				TARGETED_DEVICE_FAMILY = "1,2";
			};
			name = Debug;
		};
		8E5C092E2382033400A777B1 /* Release */ = {
			isa = XCBuildConfiguration;
			buildSettings = {
				ASSETCATALOG_COMPILER_APPICON_NAME = AppIcon;
				CODE_SIGN_STYLE = Automatic;
				DEVELOPMENT_ASSET_PATHS = "\"Game of Life App/Preview Content\"";
				DEVELOPMENT_TEAM = 2TM36SFTW5;
				ENABLE_PREVIEWS = YES;
				INFOPLIST_FILE = "Game of Life App/Info.plist";
				IPHONEOS_DEPLOYMENT_TARGET = 13.1;
				LD_RUNPATH_SEARCH_PATHS = (
					"$(inherited)",
					"@executable_path/Frameworks",
				);
				PRODUCT_BUNDLE_IDENTIFIER = "Peter-Janosky-Game-of-Life-App.fwhaiohga";
				PRODUCT_NAME = "$(TARGET_NAME)";
				SWIFT_VERSION = 5.0;
				TARGETED_DEVICE_FAMILY = "1,2";
			};
			name = Release;
		};
/* End XCBuildConfiguration section */

/* Begin XCConfigurationList section */
		8E5C08FD2382033000A777B1 /* Build configuration list for PBXProject "Game of Life App" */ = {
			isa = XCConfigurationList;
			buildConfigurations = (
				8E5C092A2382033400A777B1 /* Debug */,
				8E5C092B2382033400A777B1 /* Release */,
			);
			defaultConfigurationIsVisible = 0;
			defaultConfigurationName = Release;
		};
		8E5C092C2382033400A777B1 /* Build configuration list for PBXNativeTarget "Game of Life App" */ = {
			isa = XCConfigurationList;
			buildConfigurations = (
				8E5C092D2382033400A777B1 /* Debug */,
				8E5C092E2382033400A777B1 /* Release */,
			);
			defaultConfigurationIsVisible = 0;
			defaultConfigurationName = Release;
		};
/* End XCConfigurationList section */
	};
	rootObject = 8E5C08FA2382033000A777B1 /* Project object */;
}
